Microsoft Visual Studio Solution File, Format Version 11.00
# Visual Studio 2008

Project("{93448FCD-150A-AAF0-ABE0-CFC7C877E6B4}") = "KinectUnityProject", "Assembly-CSharp-firstpass.csproj", "{4576D640-CC72-ED2B-FA79-12E27FABD0F5}"
EndProject
Project("{93448FCD-150A-AAF0-ABE0-CFC7C877E6B4}") = "KinectUnityProject", "Assembly-CSharp-Editor-firstpass.csproj", "{EFBF7995-9325-7274-788E-37ECEDC756CD}"
EndProject
Global
	GlobalSection(SolutionConfigurationPlatforms) = preSolution
		Debug|Any CPU = Debug|Any CPU
		Release|Any CPU = Release|Any CPU
	EndGlobalSection
	GlobalSection(ProjectConfigurationPlatforms) = postSolution
		{4576D640-CC72-ED2B-FA79-12E27FABD0F5}.Debug|Any CPU.ActiveCfg = Debug|Any CPU
		{4576D640-CC72-ED2B-FA79-12E27FABD0F5}.Debug|Any CPU.Build.0 = Debug|Any CPU
		{4576D640-CC72-ED2B-FA79-12E27FABD0F5}.Release|Any CPU.ActiveCfg = Release|Any CPU
		{4576D640-CC72-ED2B-FA79-12E27FABD0F5}.Release|Any CPU.Build.0 = Release|Any CPU
		{EFBF7995-9325-7274-788E-37ECEDC756CD}.Debug|Any CPU.ActiveCfg = Debug|Any CPU
		{EFBF7995-9325-7274-788E-37ECEDC756CD}.Debug|Any CPU.Build.0 = Debug|Any CPU
		{EFBF7995-9325-7274-788E-37ECEDC756CD}.Release|Any CPU.ActiveCfg = Release|Any CPU
		{EFBF7995-9325-7274-788E-37ECEDC756CD}.Release|Any CPU.Build.0 = Release|Any CPU
	EndGlobalSection
	GlobalSection(SolutionProperties) = preSolution
		HideSolutionNode = FALSE
	EndGlobalSection
	GlobalSection(MonoDevelopProperties) = preSolution
		StartupItem = Assembly-CSharp.csproj
	EndGlobalSection
EndGlobal
